
Microsoft Visual Studio Solution File, Format Version 12.00
# Visual Studio Version 17
VisualStudioVersion = 17.0.31903.59
MinimumVisualStudioVersion = 10.0.40219.1
Project("{FAE04EC0-301F-11D3-BF4B-00C04F79EFBC}") = "learningapp1", "learningapp1\learningapp1.csproj", "{06700E76-A217-4C1C-9E85-6F423CEB4432}"
EndProject
Global
	GlobalSection(SolutionConfigurationPlatforms) = preSolution
		Debug|Any CPU = Debug|Any CPU
		Release|Any CPU = Release|Any CPU
	EndGlobalSection
	GlobalSection(SolutionProperties) = preSolution
		HideSolutionNode = FALSE
	EndGlobalSection
	GlobalSection(ProjectConfigurationPlatforms) = postSolution
		{06700E76-A217-4C1C-9E85-6F423CEB4432}.Debug|Any CPU.ActiveCfg = Debug|Any CPU
		{06700E76-A217-4C1C-9E85-6F423CEB4432}.Debug|Any CPU.Build.0 = Debug|Any CPU
		{06700E76-A217-4C1C-9E85-6F423CEB4432}.Release|Any CPU.ActiveCfg = Release|Any CPU
		{06700E76-A217-4C1C-9E85-6F423CEB4432}.Release|Any CPU.Build.0 = Release|Any CPU
	EndGlobalSection
EndGlobal
